
Microsoft Visual Studio Solution File, Format Version 12.00
# Visual Studio Version 17
VisualStudioVersion = 17.3.32819.101
MinimumVisualStudioVersion = 10.0.40219.1
Project("{888888A0-9F3D-457C-B088-3A5042F75D52}") = "Kadurin Prakteline töö", "Kadurin Prakteline töö.pyproj", "{270CEA8B-D110-463C-9D7C-6D065235A419}"
EndProject
Global
	GlobalSection(SolutionConfigurationPlatforms) = preSolution
		Debug|Any CPU = Debug|Any CPU
		Release|Any CPU = Release|Any CPU
	EndGlobalSection
	GlobalSection(ProjectConfigurationPlatforms) = postSolution
		{270CEA8B-D110-463C-9D7C-6D065235A419}.Debug|Any CPU.ActiveCfg = Debug|Any CPU
		{270CEA8B-D110-463C-9D7C-6D065235A419}.Release|Any CPU.ActiveCfg = Release|Any CPU
	EndGlobalSection
	GlobalSection(SolutionProperties) = preSolution
		HideSolutionNode = FALSE
	EndGlobalSection
	GlobalSection(ExtensibilityGlobals) = postSolution
		SolutionGuid = {953A5528-8DFB-4301-96AC-C3E73279F227}
	EndGlobalSection
EndGlobal
